// !$*UTF8*$!
{
	archiveVersion = 1;
	classes = {
	};
	objectVersion = 55;
	objects = {

/* Begin PBXBuildFile section */
		5A1E75D02771797A002BEA30 /* AppDelegate.swift in Sources */ = {isa = PBXBuildFile; fileRef = 5A1E75CF2771797A002BEA30 /* AppDelegate.swift */; };
		5A1E75D22771797A002BEA30 /* SceneDelegate.swift in Sources */ = {isa = PBXBuildFile; fileRef = 5A1E75D12771797A002BEA30 /* SceneDelegate.swift */; };
		5A1E75D42771797A002BEA30 /* LoginPage.swift in Sources */ = {isa = PBXBuildFile; fileRef = 5A1E75D32771797A002BEA30 /* LoginPage.swift */; };
		5A1E75D72771797A002BEA30 /* Main.storyboard in Resources */ = {isa = PBXBuildFile; fileRef = 5A1E75D52771797A002BEA30 /* Main.storyboard */; };
		5A1E75D92771797A002BEA30 /* Assets.xcassets in Resources */ = {isa = PBXBuildFile; fileRef = 5A1E75D82771797A002BEA30 /* Assets.xcassets */; };
		5A1E75DC2771797A002BEA30 /* LaunchScreen.storyboard in Resources */ = {isa = PBXBuildFile; fileRef = 5A1E75DA2771797A002BEA30 /* LaunchScreen.storyboard */; };
		5A1E75E72771797A002BEA30 /* iPhone_AppTests.swift in Sources */ = {isa = PBXBuildFile; fileRef = 5A1E75E62771797A002BEA30 /* iPhone_AppTests.swift */; };
		5A1E75F12771797A002BEA30 /* iPhone_AppUITests.swift in Sources */ = {isa = PBXBuildFile; fileRef = 5A1E75F02771797A002BEA30 /* iPhone_AppUITests.swift */; };
		5A1E75F32771797A002BEA30 /* iPhone_AppUITestsLaunchTests.swift in Sources */ = {isa = PBXBuildFile; fileRef = 5A1E75F22771797A002BEA30 /* iPhone_AppUITestsLaunchTests.swift */; };
		5A1E760227718D5E002BEA30 /* SignUpPage.swift in Sources */ = {isa = PBXBuildFile; fileRef = 5A1E760127718D5E002BEA30 /* SignUpPage.swift */; };
		5A9F8BDB2771AADA00078665 /* AvatarSelection.swift in Sources */ = {isa = PBXBuildFile; fileRef = 5A9F8BDA2771AADA00078665 /* AvatarSelection.swift */; };
		5A9F8BDD2771AB1F00078665 /* HomePage.swift in Sources */ = {isa = PBXBuildFile; fileRef = 5A9F8BDC2771AB1F00078665 /* HomePage.swift */; };
		5A9F8BDF2771AEF800078665 /* GoogleService-Info.plist in Resources */ = {isa = PBXBuildFile; fileRef = 5A9F8BDE2771AEF800078665 /* GoogleService-Info.plist */; };
		5A9F8BE22771AFC600078665 /* FirebaseAnalytics in Frameworks */ = {isa = PBXBuildFile; productRef = 5A9F8BE12771AFC600078665 /* FirebaseAnalytics */; };
		5A9F8BE42771AFC600078665 /* FirebaseAuth in Frameworks */ = {isa = PBXBuildFile; productRef = 5A9F8BE32771AFC600078665 /* FirebaseAuth */; };
		5A9F8BE62771AFC600078665 /* FirebaseDatabase in Frameworks */ = {isa = PBXBuildFile; productRef = 5A9F8BE52771AFC600078665 /* FirebaseDatabase */; };
		5A9F8BE82771AFC600078665 /* FirebaseFirestore in Frameworks */ = {isa = PBXBuildFile; productRef = 5A9F8BE72771AFC600078665 /* FirebaseFirestore */; };
/* End PBXBuildFile section */

/* Begin PBXContainerItemProxy section */
		5A1E75E32771797A002BEA30 /* PBXContainerItemProxy */ = {
			isa = PBXContainerItemProxy;
			containerPortal = 5A1E75C42771797A002BEA30 /* Project object */;
			proxyType = 1;
			remoteGlobalIDString = 5A1E75CB2771797A002BEA30;
			remoteInfo = "iPhone App";
		};
		5A1E75ED2771797A002BEA30 /* PBXContainerItemProxy */ = {
			isa = PBXContainerItemProxy;
			containerPortal = 5A1E75C42771797A002BEA30 /* Project object */;
			proxyType = 1;
			remoteGlobalIDString = 5A1E75CB2771797A002BEA30;
			remoteInfo = "iPhone App";
		};
/* End PBXContainerItemProxy section */

/* Begin PBXFileReference section */
		5A1E75CC2771797A002BEA30 /* iPhone App.app */ = {isa = PBXFileReference; explicitFileType = wrapper.application; includeInIndex = 0; path = "iPhone App.app"; sourceTree = BUILT_PRODUCTS_DIR; };
		5A1E75CF2771797A002BEA30 /* AppDelegate.swift */ = {isa = PBXFileReference; lastKnownFileType = sourcecode.swift; path = AppDelegate.swift; sourceTree = "<group>"; };
		5A1E75D12771797A002BEA30 /* SceneDelegate.swift */ = {isa = PBXFileReference; lastKnownFileType = sourcecode.swift; path = SceneDelegate.swift; sourceTree = "<group>"; };
		5A1E75D32771797A002BEA30 /* LoginPage.swift */ = {isa = PBXFileReference; lastKnownFileType = sourcecode.swift; path = LoginPage.swift; sourceTree = "<group>"; };
		5A1E75D62771797A002BEA30 /* Base */ = {isa = PBXFileReference; lastKnownFileType = file.storyboard; name = Base; path = Base.lproj/Main.storyboard; sourceTree = "<group>"; };
		5A1E75D82771797A002BEA30 /* Assets.xcassets */ = {isa = PBXFileReference; lastKnownFileType = folder.assetcatalog; path = Assets.xcassets; sourceTree = "<group>"; };
		5A1E75DB2771797A002BEA30 /* Base */ = {isa = PBXFileReference; lastKnownFileType = file.storyboard; name = Base; path = Base.lproj/LaunchScreen.storyboard; sourceTree = "<group>"; };
		5A1E75DD2771797A002BEA30 /* Info.plist */ = {isa = PBXFileReference; lastKnownFileType = text.plist.xml; path = Info.plist; sourceTree = "<group>"; };
		5A1E75E22771797A002BEA30 /* iPhone AppTests.xctest */ = {isa = PBXFileReference; explicitFileType = wrapper.cfbundle; includeInIndex = 0; path = "iPhone AppTests.xctest"; sourceTree = BUILT_PRODUCTS_DIR; };
		5A1E75E62771797A002BEA30 /* iPhone_AppTests.swift */ = {isa = PBXFileReference; lastKnownFileType = sourcecode.swift; path = iPhone_AppTests.swift; sourceTree = "<group>"; };
		5A1E75EC2771797A002BEA30 /* iPhone AppUITests.xctest */ = {isa = PBXFileReference; explicitFileType = wrapper.cfbundle; includeInIndex = 0; path = "iPhone AppUITests.xctest"; sourceTree = BUILT_PRODUCTS_DIR; };
		5A1E75F02771797A002BEA30 /* iPhone_AppUITests.swift */ = {isa = PBXFileReference; lastKnownFileType = sourcecode.swift; path = iPhone_AppUITests.swift; sourceTree = "<group>"; };
		5A1E75F22771797A002BEA30 /* iPhone_AppUITestsLaunchTests.swift */ = {isa = PBXFileReference; lastKnownFileType = sourcecode.swift; path = iPhone_AppUITestsLaunchTests.swift; sourceTree = "<group>"; };
		5A1E760127718D5E002BEA30 /* SignUpPage.swift */ = {isa = PBXFileReference; lastKnownFileType = sourcecode.swift; path = SignUpPage.swift; sourceTree = "<group>"; };
		5A9F8BDA2771AADA00078665 /* AvatarSelection.swift */ = {isa = PBXFileReference; lastKnownFileType = sourcecode.swift; path = AvatarSelection.swift; sourceTree = "<group>"; };
		5A9F8BDC2771AB1F00078665 /* HomePage.swift */ = {isa = PBXFileReference; lastKnownFileType = sourcecode.swift; path = HomePage.swift; sourceTree = "<group>"; };
		5A9F8BDE2771AEF800078665 /* GoogleService-Info.plist */ = {isa = PBXFileReference; fileEncoding = 4; lastKnownFileType = text.plist.xml; name = "GoogleService-Info.plist"; path = "../../../../../../Downloads/GoogleService-Info.plist"; sourceTree = "<group>"; };
/* End PBXFileReference section */

/* Begin PBXFrameworksBuildPhase section */
		5A1E75C92771797A002BEA30 /* Frameworks */ = {
			isa = PBXFrameworksBuildPhase;
			buildActionMask = 2147483647;
			files = (
				5A9F8BE62771AFC600078665 /* FirebaseDatabase in Frameworks */,
				5A9F8BE82771AFC600078665 /* FirebaseFirestore in Frameworks */,
				5A9F8BE22771AFC600078665 /* FirebaseAnalytics in Frameworks */,
				5A9F8BE42771AFC600078665 /* FirebaseAuth in Frameworks */,
			);
			runOnlyForDeploymentPostprocessing = 0;
		};
		5A1E75DF2771797A002BEA30 /* Frameworks */ = {
			isa = PBXFrameworksBuildPhase;
			buildActionMask = 2147483647;
			files = (
			);
			runOnlyForDeploymentPostprocessing = 0;
		};
		5A1E75E92771797A002BEA30 /* Frameworks */ = {
			isa = PBXFrameworksBuildPhase;
			buildActionMask = 2147483647;
			files = (
			);
			runOnlyForDeploymentPostprocessing = 0;
		};
/* End PBXFrameworksBuildPhase section */

/* Begin PBXGroup section */
		5A1E75C32771797A002BEA30 = {
			isa = PBXGroup;
			children = (
				5A1E75CE2771797A002BEA30 /* iPhone App */,
				5A1E75E52771797A002BEA30 /* iPhone AppTests */,
				5A1E75EF2771797A002BEA30 /* iPhone AppUITests */,
				5A1E75CD2771797A002BEA30 /* Products */,
			);
			sourceTree = "<group>";
		};
		5A1E75CD2771797A002BEA30 /* Products */ = {
			isa = PBXGroup;
			children = (
				5A1E75CC2771797A002BEA30 /* iPhone App.app */,
				5A1E75E22771797A002BEA30 /* iPhone AppTests.xctest */,
				5A1E75EC2771797A002BEA30 /* iPhone AppUITests.xctest */,
			);
			name = Products;
			sourceTree = "<group>";
		};
		5A1E75CE2771797A002BEA30 /* iPhone App */ = {
			isa = PBXGroup;
			children = (
				5A1E75CF2771797A002BEA30 /* AppDelegate.swift */,
				5A1E75D12771797A002BEA30 /* SceneDelegate.swift */,
				5A1E75D32771797A002BEA30 /* LoginPage.swift */,
				5A1E75D52771797A002BEA30 /* Main.storyboard */,
				5A1E75D82771797A002BEA30 /* Assets.xcassets */,
				5A1E75DA2771797A002BEA30 /* LaunchScreen.storyboard */,
				5A1E75DD2771797A002BEA30 /* Info.plist */,
				5A1E760127718D5E002BEA30 /* SignUpPage.swift */,
				5A9F8BDA2771AADA00078665 /* AvatarSelection.swift */,
				5A9F8BDC2771AB1F00078665 /* HomePage.swift */,
				5A9F8BDE2771AEF800078665 /* GoogleService-Info.plist */,
			);
			path = "iPhone App";
			sourceTree = "<group>";
		};
		5A1E75E52771797A002BEA30 /* iPhone AppTests */ = {
			isa = PBXGroup;
			children = (
				5A1E75E62771797A002BEA30 /* iPhone_AppTests.swift */,
			);
			path = "iPhone AppTests";
			sourceTree = "<group>";
		};
		5A1E75EF2771797A002BEA30 /* iPhone AppUITests */ = {
			isa = PBXGroup;
			children = (
				5A1E75F02771797A002BEA30 /* iPhone_AppUITests.swift */,
				5A1E75F22771797A002BEA30 /* iPhone_AppUITestsLaunchTests.swift */,
			);
			path = "iPhone AppUITests";
			sourceTree = "<group>";
		};
/* End PBXGroup section */

/* Begin PBXNativeTarget section */
		5A1E75CB2771797A002BEA30 /* iPhone App */ = {
			isa = PBXNativeTarget;
			buildConfigurationList = 5A1E75F62771797A002BEA30 /* Build configuration list for PBXNativeTarget "iPhone App" */;
			buildPhases = (
				5A1E75C82771797A002BEA30 /* Sources */,
				5A1E75C92771797A002BEA30 /* Frameworks */,
				5A1E75CA2771797A002BEA30 /* Resources */,
			);
			buildRules = (
			);
			dependencies = (
			);
			name = "iPhone App";
			packageProductDependencies = (
				5A9F8BE12771AFC600078665 /* FirebaseAnalytics */,
				5A9F8BE32771AFC600078665 /* FirebaseAuth */,
				5A9F8BE52771AFC600078665 /* FirebaseDatabase */,
				5A9F8BE72771AFC600078665 /* FirebaseFirestore */,
			);
			productName = "iPhone App";
			productReference = 5A1E75CC2771797A002BEA30 /* iPhone App.app */;
			productType = "com.apple.product-type.application";
		};
		5A1E75E12771797A002BEA30 /* iPhone AppTests */ = {
			isa = PBXNativeTarget;
			buildConfigurationList = 5A1E75F92771797A002BEA30 /* Build configuration list for PBXNativeTarget "iPhone AppTests" */;
			buildPhases = (
				5A1E75DE2771797A002BEA30 /* Sources */,
				5A1E75DF2771797A002BEA30 /* Frameworks */,
				5A1E75E02771797A002BEA30 /* Resources */,
			);
			buildRules = (
			);
			dependencies = (
				5A1E75E42771797A002BEA30 /* PBXTargetDependency */,
			);
			name = "iPhone AppTests";
			productName = "iPhone AppTests";
			productReference = 5A1E75E22771797A002BEA30 /* iPhone AppTests.xctest */;
			productType = "com.apple.product-type.bundle.unit-test";
		};
		5A1E75EB2771797A002BEA30 /* iPhone AppUITests */ = {
			isa = PBXNativeTarget;
			buildConfigurationList = 5A1E75FC2771797A002BEA30 /* Build configuration list for PBXNativeTarget "iPhone AppUITests" */;
			buildPhases = (
				5A1E75E82771797A002BEA30 /* Sources */,
				5A1E75E92771797A002BEA30 /* Frameworks */,
				5A1E75EA2771797A002BEA30 /* Resources */,
			);
			buildRules = (
			);
			dependencies = (
				5A1E75EE2771797A002BEA30 /* PBXTargetDependency */,
			);
			name = "iPhone AppUITests";
			productName = "iPhone AppUITests";
			productReference = 5A1E75EC2771797A002BEA30 /* iPhone AppUITests.xctest */;
			productType = "com.apple.product-type.bundle.ui-testing";
		};
/* End PBXNativeTarget section */

/* Begin PBXProject section */
		5A1E75C42771797A002BEA30 /* Project object */ = {
			isa = PBXProject;
			attributes = {
				BuildIndependentTargetsInParallel = 1;
				LastSwiftUpdateCheck = 1320;
				LastUpgradeCheck = 1320;
				TargetAttributes = {
					5A1E75CB2771797A002BEA30 = {
						CreatedOnToolsVersion = 13.2.1;
					};
					5A1E75E12771797A002BEA30 = {
						CreatedOnToolsVersion = 13.2.1;
						TestTargetID = 5A1E75CB2771797A002BEA30;
					};
					5A1E75EB2771797A002BEA30 = {
						CreatedOnToolsVersion = 13.2.1;
						TestTargetID = 5A1E75CB2771797A002BEA30;
					};
				};
			};
			buildConfigurationList = 5A1E75C72771797A002BEA30 /* Build configuration list for PBXProject "iPhone App" */;
			compatibilityVersion = "Xcode 13.0";
			developmentRegion = en;
			hasScannedForEncodings = 0;
			knownRegions = (
				en,
				Base,
			);
			mainGroup = 5A1E75C32771797A002BEA30;
			packageReferences = (
				5A9F8BE02771AFC600078665 /* XCRemoteSwiftPackageReference "firebase-ios-sdk" */,
			);
			productRefGroup = 5A1E75CD2771797A002BEA30 /* Products */;
			projectDirPath = "";
			projectRoot = "";
			targets = (
				5A1E75CB2771797A002BEA30 /* iPhone App */,
				5A1E75E12771797A002BEA30 /* iPhone AppTests */,
				5A1E75EB2771797A002BEA30 /* iPhone AppUITests */,
			);
		};
/* End PBXProject section */

/* Begin PBXResourcesBuildPhase section */
		5A1E75CA2771797A002BEA30 /* Resources */ = {
			isa = PBXResourcesBuildPhase;
			buildActionMask = 2147483647;
			files = (
				5A1E75DC2771797A002BEA30 /* LaunchScreen.storyboard in Resources */,
				5A9F8BDF2771AEF800078665 /* GoogleService-Info.plist in Resources */,
				5A1E75D92771797A002BEA30 /* Assets.xcassets in Resources */,
				5A1E75D72771797A002BEA30 /* Main.storyboard in Resources */,
			);
			runOnlyForDeploymentPostprocessing = 0;
		};
		5A1E75E02771797A002BEA30 /* Resources */ = {
			isa = PBXResourcesBuildPhase;
			buildActionMask = 2147483647;
			files = (
			);
			runOnlyForDeploymentPostprocessing = 0;
		};
		5A1E75EA2771797A002BEA30 /* Resources */ = {
			isa = PBXResourcesBuildPhase;
			buildActionMask = 2147483647;
			files = (
			);
			runOnlyForDeploymentPostprocessing = 0;
		};
/* End PBXResourcesBuildPhase section */

/* Begin PBXSourcesBuildPhase section */
		5A1E75C82771797A002BEA30 /* Sources */ = {
			isa = PBXSourcesBuildPhase;
			buildActionMask = 2147483647;
			files = (
				5A1E75D42771797A002BEA30 /* LoginPage.swift in Sources */,
				5A9F8BDD2771AB1F00078665 /* HomePage.swift in Sources */,
				5A1E75D02771797A002BEA30 /* AppDelegate.swift in Sources */,
				5A9F8BDB2771AADA00078665 /* AvatarSelection.swift in Sources */,
				5A1E760227718D5E002BEA30 /* SignUpPage.swift in Sources */,
				5A1E75D22771797A002BEA30 /* SceneDelegate.swift in Sources */,
			);
			runOnlyForDeploymentPostprocessing = 0;
		};
		5A1E75DE2771797A002BEA30 /* Sources */ = {
			isa = PBXSourcesBuildPhase;
			buildActionMask = 2147483647;
			files = (
				5A1E75E72771797A002BEA30 /* iPhone_AppTests.swift in Sources */,
			);
			runOnlyForDeploymentPostprocessing = 0;
		};
		5A1E75E82771797A002BEA30 /* Sources */ = {
			isa = PBXSourcesBuildPhase;
			buildActionMask = 2147483647;
			files = (
				5A1E75F12771797A002BEA30 /* iPhone_AppUITests.swift in Sources */,
				5A1E75F32771797A002BEA30 /* iPhone_AppUITestsLaunchTests.swift in Sources */,
			);
			runOnlyForDeploymentPostprocessing = 0;
		};
/* End PBXSourcesBuildPhase section */

/* Begin PBXTargetDependency section */
		5A1E75E42771797A002BEA30 /* PBXTargetDependency */ = {
			isa = PBXTargetDependency;
			target = 5A1E75CB2771797A002BEA30 /* iPhone App */;
			targetProxy = 5A1E75E32771797A002BEA30 /* PBXContainerItemProxy */;
		};
		5A1E75EE2771797A002BEA30 /* PBXTargetDependency */ = {
			isa = PBXTargetDependency;
			target = 5A1E75CB2771797A002BEA30 /* iPhone App */;
			targetProxy = 5A1E75ED2771797A002BEA30 /* PBXContainerItemProxy */;
		};
/* End PBXTargetDependency section */

/* Begin PBXVariantGroup section */
		5A1E75D52771797A002BEA30 /* Main.storyboard */ = {
			isa = PBXVariantGroup;
			children = (
				5A1E75D62771797A002BEA30 /* Base */,
			);
			name = Main.storyboard;
			sourceTree = "<group>";
		};
		5A1E75DA2771797A002BEA30 /* LaunchScreen.storyboard */ = {
			isa = PBXVariantGroup;
			children = (
				5A1E75DB2771797A002BEA30 /* Base */,
			);
			name = LaunchScreen.storyboard;
			sourceTree = "<group>";
		};
/* End PBXVariantGroup section */

/* Begin XCBuildConfiguration section */
		5A1E75F42771797A002BEA30 /* Debug */ = {
			isa = XCBuildConfiguration;
			buildSettings = {
				ALWAYS_SEARCH_USER_PATHS = NO;
				CLANG_ANALYZER_NONNULL = YES;
				CLANG_ANALYZER_NUMBER_OBJECT_CONVERSION = YES_AGGRESSIVE;
				CLANG_CXX_LANGUAGE_STANDARD = "gnu++17";
				CLANG_CXX_LIBRARY = "libc++";
				CLANG_ENABLE_MODULES = YES;
				CLANG_ENABLE_OBJC_ARC = YES;
				CLANG_ENABLE_OBJC_WEAK = YES;
				CLANG_WARN_BLOCK_CAPTURE_AUTORELEASING = YES;
				CLANG_WARN_BOOL_CONVERSION = YES;
				CLANG_WARN_COMMA = YES;
				CLANG_WARN_CONSTANT_CONVERSION = YES;
				CLANG_WARN_DEPRECATED_OBJC_IMPLEMENTATIONS = YES;
				CLANG_WARN_DIRECT_OBJC_ISA_USAGE = YES_ERROR;
				CLANG_WARN_DOCUMENTATION_COMMENTS = YES;
				CLANG_WARN_EMPTY_BODY = YES;
				CLANG_WARN_ENUM_CONVERSION = YES;
				CLANG_WARN_INFINITE_RECURSION = YES;
				CLANG_WARN_INT_CONVERSION = YES;
				CLANG_WARN_NON_LITERAL_NULL_CONVERSION = YES;
				CLANG_WARN_OBJC_IMPLICIT_RETAIN_SELF = YES;
				CLANG_WARN_OBJC_LITERAL_CONVERSION = YES;
				CLANG_WARN_OBJC_ROOT_CLASS = YES_ERROR;
				CLANG_WARN_QUOTED_INCLUDE_IN_FRAMEWORK_HEADER = YES;
				CLANG_WARN_RANGE_LOOP_ANALYSIS = YES;
				CLANG_WARN_STRICT_PROTOTYPES = YES;
				CLANG_WARN_SUSPICIOUS_MOVE = YES;
				CLANG_WARN_UNGUARDED_AVAILABILITY = YES_AGGRESSIVE;
				CLANG_WARN_UNREACHABLE_CODE = YES;
				CLANG_WARN__DUPLICATE_METHOD_MATCH = YES;
				COPY_PHASE_STRIP = NO;
				DEBUG_INFORMATION_FORMAT = dwarf;
				ENABLE_STRICT_OBJC_MSGSEND = YES;
				ENABLE_TESTABILITY = YES;
				GCC_C_LANGUAGE_STANDARD = gnu11;
				GCC_DYNAMIC_NO_PIC = NO;
				GCC_NO_COMMON_BLOCKS = YES;
				GCC_OPTIMIZATION_LEVEL = 0;
				GCC_PREPROCESSOR_DEFINITIONS = (
					"DEBUG=1",
					"$(inherited)",
				);
				GCC_WARN_64_TO_32_BIT_CONVERSION = YES;
				GCC_WARN_ABOUT_RETURN_TYPE = YES_ERROR;
				GCC_WARN_UNDECLARED_SELECTOR = YES;
				GCC_WARN_UNINITIALIZED_AUTOS = YES_AGGRESSIVE;
				GCC_WARN_UNUSED_FUNCTION = YES;
				GCC_WARN_UNUSED_VARIABLE = YES;
				IPHONEOS_DEPLOYMENT_TARGET = 15.2;
				MTL_ENABLE_DEBUG_INFO = INCLUDE_SOURCE;
				MTL_FAST_MATH = YES;
				ONLY_ACTIVE_ARCH = YES;
				SDKROOT = iphoneos;
				SWIFT_ACTIVE_COMPILATION_CONDITIONS = DEBUG;
				SWIFT_OPTIMIZATION_LEVEL = "-Onone";
			};
			name = Debug;
		};
		5A1E75F52771797A002BEA30 /* Release */ = {
			isa = XCBuildConfiguration;
			buildSettings = {
				ALWAYS_SEARCH_USER_PATHS = NO;
				CLANG_ANALYZER_NONNULL = YES;
				CLANG_ANALYZER_NUMBER_OBJECT_CONVERSION = YES_AGGRESSIVE;
				CLANG_CXX_LANGUAGE_STANDARD = "gnu++17";
				CLANG_CXX_LIBRARY = "libc++";
				CLANG_ENABLE_MODULES = YES;
				CLANG_ENABLE_OBJC_ARC = YES;
				CLANG_ENABLE_OBJC_WEAK = YES;
				CLANG_WARN_BLOCK_CAPTURE_AUTORELEASING = YES;
				CLANG_WARN_BOOL_CONVERSION = YES;
				CLANG_WARN_COMMA = YES;
				CLANG_WARN_CONSTANT_CONVERSION = YES;
				CLANG_WARN_DEPRECATED_OBJC_IMPLEMENTATIONS = YES;
				CLANG_WARN_DIRECT_OBJC_ISA_USAGE = YES_ERROR;
				CLANG_WARN_DOCUMENTATION_COMMENTS = YES;
				CLANG_WARN_EMPTY_BODY = YES;
				CLANG_WARN_ENUM_CONVERSION = YES;
				CLANG_WARN_INFINITE_RECURSION = YES;
				CLANG_WARN_INT_CONVERSION = YES;
				CLANG_WARN_NON_LITERAL_NULL_CONVERSION = YES;
				CLANG_WARN_OBJC_IMPLICIT_RETAIN_SELF = YES;
				CLANG_WARN_OBJC_LITERAL_CONVERSION = YES;
				CLANG_WARN_OBJC_ROOT_CLASS = YES_ERROR;
				CLANG_WARN_QUOTED_INCLUDE_IN_FRAMEWORK_HEADER = YES;
				CLANG_WARN_RANGE_LOOP_ANALYSIS = YES;
				CLANG_WARN_STRICT_PROTOTYPES = YES;
				CLANG_WARN_SUSPICIOUS_MOVE = YES;
				CLANG_WARN_UNGUARDED_AVAILABILITY = YES_AGGRESSIVE;
				CLANG_WARN_UNREACHABLE_CODE = YES;
				CLANG_WARN__DUPLICATE_METHOD_MATCH = YES;
				COPY_PHASE_STRIP = NO;
				DEBUG_INFORMATION_FORMAT = "dwarf-with-dsym";
				ENABLE_NS_ASSERTIONS = NO;
				ENABLE_STRICT_OBJC_MSGSEND = YES;
				GCC_C_LANGUAGE_STANDARD = gnu11;
				GCC_NO_COMMON_BLOCKS = YES;
				GCC_WARN_64_TO_32_BIT_CONVERSION = YES;
				GCC_WARN_ABOUT_RETURN_TYPE = YES_ERROR;
				GCC_WARN_UNDECLARED_SELECTOR = YES;
				GCC_WARN_UNINITIALIZED_AUTOS = YES_AGGRESSIVE;
				GCC_WARN_UNUSED_FUNCTION = YES;
				GCC_WARN_UNUSED_VARIABLE = YES;
				IPHONEOS_DEPLOYMENT_TARGET = 15.2;
				MTL_ENABLE_DEBUG_INFO = NO;
				MTL_FAST_MATH = YES;
				SDKROOT = iphoneos;
				SWIFT_COMPILATION_MODE = wholemodule;
				SWIFT_OPTIMIZATION_LEVEL = "-O";
				VALIDATE_PRODUCT = YES;
			};
			name = Release;
		};
		5A1E75F72771797A002BEA30 /* Debug */ = {
			isa = XCBuildConfiguration;
			buildSettings = {
				ASSETCATALOG_COMPILER_APPICON_NAME = AppIcon;
				ASSETCATALOG_COMPILER_GLOBAL_ACCENT_COLOR_NAME = AccentColor;
				CODE_SIGN_STYLE = Automatic;
				CURRENT_PROJECT_VERSION = 1;
				DEVELOPMENT_TEAM = 9HQK2T97DZ;
				GENERATE_INFOPLIST_FILE = YES;
				INFOPLIST_FILE = "iPhone App/Info.plist";
				INFOPLIST_KEY_UIApplicationSupportsIndirectInputEvents = YES;
				INFOPLIST_KEY_UILaunchStoryboardName = LaunchScreen;
				INFOPLIST_KEY_UIMainStoryboardFile = Main;
				INFOPLIST_KEY_UISupportedInterfaceOrientations_iPad = "UIInterfaceOrientationPortrait UIInterfaceOrientationPortraitUpsideDown UIInterfaceOrientationLandscapeLeft UIInterfaceOrientationLandscapeRight";
				INFOPLIST_KEY_UISupportedInterfaceOrientations_iPhone = "UIInterfaceOrientationPortrait UIInterfaceOrientationLandscapeLeft UIInterfaceOrientationLandscapeRight";
				LD_RUNPATH_SEARCH_PATHS = (
					"$(inherited)",
					"@executable_path/Frameworks",
				);
				MARKETING_VERSION = 1.0;
				PRODUCT_BUNDLE_IDENTIFIER = "nolasco.iPhone-App";
				PRODUCT_NAME = "$(TARGET_NAME)";
				SWIFT_EMIT_LOC_STRINGS = YES;
				SWIFT_VERSION = 5.0;
				TARGETED_DEVICE_FAMILY = "1,2";
			};
			name = Debug;
		};
		5A1E75F82771797A002BEA30 /* Release */ = {
			isa = XCBuildConfiguration;
			buildSettings = {
				ASSETCATALOG_COMPILER_APPICON_NAME = AppIcon;
				ASSETCATALOG_COMPILER_GLOBAL_ACCENT_COLOR_NAME = AccentColor;
				CODE_SIGN_STYLE = Automatic;
				CURRENT_PROJECT_VERSION = 1;
				DEVELOPMENT_TEAM = 9HQK2T97DZ;
				GENERATE_INFOPLIST_FILE = YES;
				INFOPLIST_FILE = "iPhone App/Info.plist";
				INFOPLIST_KEY_UIApplicationSupportsIndirectInputEvents = YES;
				INFOPLIST_KEY_UILaunchStoryboardName = LaunchScreen;
				INFOPLIST_KEY_UIMainStoryboardFile = Main;
				INFOPLIST_KEY_UISupportedInterfaceOrientations_iPad = "UIInterfaceOrientationPortrait UIInterfaceOrientationPortraitUpsideDown UIInterfaceOrientationLandscapeLeft UIInterfaceOrientationLandscapeRight";
				INFOPLIST_KEY_UISupportedInterfaceOrientations_iPhone = "UIInterfaceOrientationPortrait UIInterfaceOrientationLandscapeLeft UIInterfaceOrientationLandscapeRight";
				LD_RUNPATH_SEARCH_PATHS = (
					"$(inherited)",
					"@executable_path/Frameworks",
				);
				MARKETING_VERSION = 1.0;
				PRODUCT_BUNDLE_IDENTIFIER = "nolasco.iPhone-App";
				PRODUCT_NAME = "$(TARGET_NAME)";
				SWIFT_EMIT_LOC_STRINGS = YES;
				SWIFT_VERSION = 5.0;
				TARGETED_DEVICE_FAMILY = "1,2";
			};
			name = Release;
		};
		5A1E75FA2771797A002BEA30 /* Debug */ = {
			isa = XCBuildConfiguration;
			buildSettings = {
				ALWAYS_EMBED_SWIFT_STANDARD_LIBRARIES = YES;
				BUNDLE_LOADER = "$(TEST_HOST)";
				CODE_SIGN_STYLE = Automatic;
				CURRENT_PROJECT_VERSION = 1;
				GENERATE_INFOPLIST_FILE = YES;
				IPHONEOS_DEPLOYMENT_TARGET = 15.2;
				MARKETING_VERSION = 1.0;
				PRODUCT_BUNDLE_IDENTIFIER = "nolasco.iPhone-AppTests";
				PRODUCT_NAME = "$(TARGET_NAME)";
				SWIFT_EMIT_LOC_STRINGS = NO;
				SWIFT_VERSION = 5.0;
				TARGETED_DEVICE_FAMILY = "1,2";
				TEST_HOST = "$(BUILT_PRODUCTS_DIR)/iPhone App.app/iPhone App";
			};
			name = Debug;
		};
		5A1E75FB2771797A002BEA30 /* Release */ = {
			isa = XCBuildConfiguration;
			buildSettings = {
				ALWAYS_EMBED_SWIFT_STANDARD_LIBRARIES = YES;
				BUNDLE_LOADER = "$(TEST_HOST)";
				CODE_SIGN_STYLE = Automatic;
				CURRENT_PROJECT_VERSION = 1;
				GENERATE_INFOPLIST_FILE = YES;
				IPHONEOS_DEPLOYMENT_TARGET = 15.2;
				MARKETING_VERSION = 1.0;
				PRODUCT_BUNDLE_IDENTIFIER = "nolasco.iPhone-AppTests";
				PRODUCT_NAME = "$(TARGET_NAME)";
				SWIFT_EMIT_LOC_STRINGS = NO;
				SWIFT_VERSION = 5.0;
				TARGETED_DEVICE_FAMILY = "1,2";
				TEST_HOST = "$(BUILT_PRODUCTS_DIR)/iPhone App.app/iPhone App";
			};
			name = Release;
		};
		5A1E75FD2771797A002BEA30 /* Debug */ = {
			isa = XCBuildConfiguration;
			buildSettings = {
				ALWAYS_EMBED_SWIFT_STANDARD_LIBRARIES = YES;
				CODE_SIGN_STYLE = Automatic;
				CURRENT_PROJECT_VERSION = 1;
				GENERATE_INFOPLIST_FILE = YES;
				MARKETING_VERSION = 1.0;
				PRODUCT_BUNDLE_IDENTIFIER = "nolasco.iPhone-AppUITests";
				PRODUCT_NAME = "$(TARGET_NAME)";
				SWIFT_EMIT_LOC_STRINGS = NO;
				SWIFT_VERSION = 5.0;
				TARGETED_DEVICE_FAMILY = "1,2";
				TEST_TARGET_NAME = "iPhone App";
			};
			name = Debug;
		};
		5A1E75FE2771797A002BEA30 /* Release */ = {
			isa = XCBuildConfiguration;
			buildSettings = {
				ALWAYS_EMBED_SWIFT_STANDARD_LIBRARIES = YES;
				CODE_SIGN_STYLE = Automatic;
				CURRENT_PROJECT_VERSION = 1;
				GENERATE_INFOPLIST_FILE = YES;
				MARKETING_VERSION = 1.0;
				PRODUCT_BUNDLE_IDENTIFIER = "nolasco.iPhone-AppUITests";
				PRODUCT_NAME = "$(TARGET_NAME)";
				SWIFT_EMIT_LOC_STRINGS = NO;
				SWIFT_VERSION = 5.0;
				TARGETED_DEVICE_FAMILY = "1,2";
				TEST_TARGET_NAME = "iPhone App";
			};
			name = Release;
		};
/* End XCBuildConfiguration section */

/* Begin XCConfigurationList section */
		5A1E75C72771797A002BEA30 /* Build configuration list for PBXProject "iPhone App" */ = {
			isa = XCConfigurationList;
			buildConfigurations = (
				5A1E75F42771797A002BEA30 /* Debug */,
				5A1E75F52771797A002BEA30 /* Release */,
			);
			defaultConfigurationIsVisible = 0;
			defaultConfigurationName = Release;
		};
		5A1E75F62771797A002BEA30 /* Build configuration list for PBXNativeTarget "iPhone App" */ = {
			isa = XCConfigurationList;
			buildConfigurations = (
				5A1E75F72771797A002BEA30 /* Debug */,
				5A1E75F82771797A002BEA30 /* Release */,
			);
			defaultConfigurationIsVisible = 0;
			defaultConfigurationName = Release;
		};
		5A1E75F92771797A002BEA30 /* Build configuration list for PBXNativeTarget "iPhone AppTests" */ = {
			isa = XCConfigurationList;
			buildConfigurations = (
				5A1E75FA2771797A002BEA30 /* Debug */,
				5A1E75FB2771797A002BEA30 /* Release */,
			);
			defaultConfigurationIsVisible = 0;
			defaultConfigurationName = Release;
		};
		5A1E75FC2771797A002BEA30 /* Build configuration list for PBXNativeTarget "iPhone AppUITests" */ = {
			isa = XCConfigurationList;
			buildConfigurations = (
				5A1E75FD2771797A002BEA30 /* Debug */,
				5A1E75FE2771797A002BEA30 /* Release */,
			);
			defaultConfigurationIsVisible = 0;
			defaultConfigurationName = Release;
		};
/* End XCConfigurationList section */

/* Begin XCRemoteSwiftPackageReference section */
		5A9F8BE02771AFC600078665 /* XCRemoteSwiftPackageReference "firebase-ios-sdk" */ = {
			isa = XCRemoteSwiftPackageReference;
			repositoryURL = "https://github.com/firebase/firebase-ios-sdk";
			requirement = {
				kind = upToNextMajorVersion;
				minimumVersion = 8.0.0;
			};
		};
/* End XCRemoteSwiftPackageReference section */

/* Begin XCSwiftPackageProductDependency section */
		5A9F8BE12771AFC600078665 /* FirebaseAnalytics */ = {
			isa = XCSwiftPackageProductDependency;
			package = 5A9F8BE02771AFC600078665 /* XCRemoteSwiftPackageReference "firebase-ios-sdk" */;
			productName = FirebaseAnalytics;
		};
		5A9F8BE32771AFC600078665 /* FirebaseAuth */ = {
			isa = XCSwiftPackageProductDependency;
			package = 5A9F8BE02771AFC600078665 /* XCRemoteSwiftPackageReference "firebase-ios-sdk" */;
			productName = FirebaseAuth;
		};
		5A9F8BE52771AFC600078665 /* FirebaseDatabase */ = {
			isa = XCSwiftPackageProductDependency;
			package = 5A9F8BE02771AFC600078665 /* XCRemoteSwiftPackageReference "firebase-ios-sdk" */;
			productName = FirebaseDatabase;
		};
		5A9F8BE72771AFC600078665 /* FirebaseFirestore */ = {
			isa = XCSwiftPackageProductDependency;
			package = 5A9F8BE02771AFC600078665 /* XCRemoteSwiftPackageReference "firebase-ios-sdk" */;
			productName = FirebaseFirestore;
		};
/* End XCSwiftPackageProductDependency section */
	};
	rootObject = 5A1E75C42771797A002BEA30 /* Project object */;
}
