// !$*UTF8*$!
{
	archiveVersion = 1;
	classes = {
	};
	objectVersion = 55;
	objects = {

/* Begin PBXBuildFile section */
		5AFC4A2C27716207003DF38F /* Messaging_AppApp.swift in Sources */ = {isa = PBXBuildFile; fileRef = 5AFC4A2B27716207003DF38F /* Messaging_AppApp.swift */; };
		5AFC4A2E27716207003DF38F /* ContentView.swift in Sources */ = {isa = PBXBuildFile; fileRef = 5AFC4A2D27716207003DF38F /* ContentView.swift */; };
		5AFC4A3027716208003DF38F /* Assets.xcassets in Resources */ = {isa = PBXBuildFile; fileRef = 5AFC4A2F27716208003DF38F /* Assets.xcassets */; };
		5AFC4A3327716208003DF38F /* Preview Assets.xcassets in Resources */ = {isa = PBXBuildFile; fileRef = 5AFC4A3227716208003DF38F /* Preview Assets.xcassets */; };
		5AFC4A3D27716208003DF38F /* Messaging_AppTests.swift in Sources */ = {isa = PBXBuildFile; fileRef = 5AFC4A3C27716208003DF38F /* Messaging_AppTests.swift */; };
		5AFC4A4727716208003DF38F /* Messaging_AppUITests.swift in Sources */ = {isa = PBXBuildFile; fileRef = 5AFC4A4627716208003DF38F /* Messaging_AppUITests.swift */; };
		5AFC4A4927716208003DF38F /* Messaging_AppUITestsLaunchTests.swift in Sources */ = {isa = PBXBuildFile; fileRef = 5AFC4A4827716208003DF38F /* Messaging_AppUITestsLaunchTests.swift */; };
/* End PBXBuildFile section */

/* Begin PBXContainerItemProxy section */
		5AFC4A3927716208003DF38F /* PBXContainerItemProxy */ = {
			isa = PBXContainerItemProxy;
			containerPortal = 5AFC4A2027716207003DF38F /* Project object */;
			proxyType = 1;
			remoteGlobalIDString = 5AFC4A2727716207003DF38F;
			remoteInfo = "Messaging App";
		};
		5AFC4A4327716208003DF38F /* PBXContainerItemProxy */ = {
			isa = PBXContainerItemProxy;
			containerPortal = 5AFC4A2027716207003DF38F /* Project object */;
			proxyType = 1;
			remoteGlobalIDString = 5AFC4A2727716207003DF38F;
			remoteInfo = "Messaging App";
		};
/* End PBXContainerItemProxy section */

/* Begin PBXFileReference section */
		5AFC4A2827716207003DF38F /* Messaging App.app */ = {isa = PBXFileReference; explicitFileType = wrapper.application; includeInIndex = 0; path = "Messaging App.app"; sourceTree = BUILT_PRODUCTS_DIR; };
		5AFC4A2B27716207003DF38F /* Messaging_AppApp.swift */ = {isa = PBXFileReference; lastKnownFileType = sourcecode.swift; path = Messaging_AppApp.swift; sourceTree = "<group>"; };
		5AFC4A2D27716207003DF38F /* ContentView.swift */ = {isa = PBXFileReference; lastKnownFileType = sourcecode.swift; path = ContentView.swift; sourceTree = "<group>"; };
		5AFC4A2F27716208003DF38F /* Assets.xcassets */ = {isa = PBXFileReference; lastKnownFileType = folder.assetcatalog; path = Assets.xcassets; sourceTree = "<group>"; };
		5AFC4A3227716208003DF38F /* Preview Assets.xcassets */ = {isa = PBXFileReference; lastKnownFileType = folder.assetcatalog; path = "Preview Assets.xcassets"; sourceTree = "<group>"; };
		5AFC4A3827716208003DF38F /* Messaging AppTests.xctest */ = {isa = PBXFileReference; explicitFileType = wrapper.cfbundle; includeInIndex = 0; path = "Messaging AppTests.xctest"; sourceTree = BUILT_PRODUCTS_DIR; };
		5AFC4A3C27716208003DF38F /* Messaging_AppTests.swift */ = {isa = PBXFileReference; lastKnownFileType = sourcecode.swift; path = Messaging_AppTests.swift; sourceTree = "<group>"; };
		5AFC4A4227716208003DF38F /* Messaging AppUITests.xctest */ = {isa = PBXFileReference; explicitFileType = wrapper.cfbundle; includeInIndex = 0; path = "Messaging AppUITests.xctest"; sourceTree = BUILT_PRODUCTS_DIR; };
		5AFC4A4627716208003DF38F /* Messaging_AppUITests.swift */ = {isa = PBXFileReference; lastKnownFileType = sourcecode.swift; path = Messaging_AppUITests.swift; sourceTree = "<group>"; };
		5AFC4A4827716208003DF38F /* Messaging_AppUITestsLaunchTests.swift */ = {isa = PBXFileReference; lastKnownFileType = sourcecode.swift; path = Messaging_AppUITestsLaunchTests.swift; sourceTree = "<group>"; };
/* End PBXFileReference section */

/* Begin PBXFrameworksBuildPhase section */
		5AFC4A2527716207003DF38F /* Frameworks */ = {
			isa = PBXFrameworksBuildPhase;
			buildActionMask = 2147483647;
			files = (
			);
			runOnlyForDeploymentPostprocessing = 0;
		};
		5AFC4A3527716208003DF38F /* Frameworks */ = {
			isa = PBXFrameworksBuildPhase;
			buildActionMask = 2147483647;
			files = (
			);
			runOnlyForDeploymentPostprocessing = 0;
		};
		5AFC4A3F27716208003DF38F /* Frameworks */ = {
			isa = PBXFrameworksBuildPhase;
			buildActionMask = 2147483647;
			files = (
			);
			runOnlyForDeploymentPostprocessing = 0;
		};
/* End PBXFrameworksBuildPhase section */

/* Begin PBXGroup section */
		5AFC4A1F27716207003DF38F = {
			isa = PBXGroup;
			children = (
				5AFC4A2A27716207003DF38F /* Messaging App */,
				5AFC4A3B27716208003DF38F /* Messaging AppTests */,
				5AFC4A4527716208003DF38F /* Messaging AppUITests */,
				5AFC4A2927716207003DF38F /* Products */,
			);
			sourceTree = "<group>";
		};
		5AFC4A2927716207003DF38F /* Products */ = {
			isa = PBXGroup;
			children = (
				5AFC4A2827716207003DF38F /* Messaging App.app */,
				5AFC4A3827716208003DF38F /* Messaging AppTests.xctest */,
				5AFC4A4227716208003DF38F /* Messaging AppUITests.xctest */,
			);
			name = Products;
			sourceTree = "<group>";
		};
		5AFC4A2A27716207003DF38F /* Messaging App */ = {
			isa = PBXGroup;
			children = (
				5AFC4A2B27716207003DF38F /* Messaging_AppApp.swift */,
				5AFC4A2D27716207003DF38F /* ContentView.swift */,
				5AFC4A2F27716208003DF38F /* Assets.xcassets */,
				5AFC4A3127716208003DF38F /* Preview Content */,
			);
			path = "Messaging App";
			sourceTree = "<group>";
		};
		5AFC4A3127716208003DF38F /* Preview Content */ = {
			isa = PBXGroup;
			children = (
				5AFC4A3227716208003DF38F /* Preview Assets.xcassets */,
			);
			path = "Preview Content";
			sourceTree = "<group>";
		};
		5AFC4A3B27716208003DF38F /* Messaging AppTests */ = {
			isa = PBXGroup;
			children = (
				5AFC4A3C27716208003DF38F /* Messaging_AppTests.swift */,
			);
			path = "Messaging AppTests";
			sourceTree = "<group>";
		};
		5AFC4A4527716208003DF38F /* Messaging AppUITests */ = {
			isa = PBXGroup;
			children = (
				5AFC4A4627716208003DF38F /* Messaging_AppUITests.swift */,
				5AFC4A4827716208003DF38F /* Messaging_AppUITestsLaunchTests.swift */,
			);
			path = "Messaging AppUITests";
			sourceTree = "<group>";
		};
/* End PBXGroup section */

/* Begin PBXNativeTarget section */
		5AFC4A2727716207003DF38F /* Messaging App */ = {
			isa = PBXNativeTarget;
			buildConfigurationList = 5AFC4A4C27716208003DF38F /* Build configuration list for PBXNativeTarget "Messaging App" */;
			buildPhases = (
				5AFC4A2427716207003DF38F /* Sources */,
				5AFC4A2527716207003DF38F /* Frameworks */,
				5AFC4A2627716207003DF38F /* Resources */,
			);
			buildRules = (
			);
			dependencies = (
			);
			name = "Messaging App";
			productName = "Messaging App";
			productReference = 5AFC4A2827716207003DF38F /* Messaging App.app */;
			productType = "com.apple.product-type.application";
		};
		5AFC4A3727716208003DF38F /* Messaging AppTests */ = {
			isa = PBXNativeTarget;
			buildConfigurationList = 5AFC4A4F27716208003DF38F /* Build configuration list for PBXNativeTarget "Messaging AppTests" */;
			buildPhases = (
				5AFC4A3427716208003DF38F /* Sources */,
				5AFC4A3527716208003DF38F /* Frameworks */,
				5AFC4A3627716208003DF38F /* Resources */,
			);
			buildRules = (
			);
			dependencies = (
				5AFC4A3A27716208003DF38F /* PBXTargetDependency */,
			);
			name = "Messaging AppTests";
			productName = "Messaging AppTests";
			productReference = 5AFC4A3827716208003DF38F /* Messaging AppTests.xctest */;
			productType = "com.apple.product-type.bundle.unit-test";
		};
		5AFC4A4127716208003DF38F /* Messaging AppUITests */ = {
			isa = PBXNativeTarget;
			buildConfigurationList = 5AFC4A5227716208003DF38F /* Build configuration list for PBXNativeTarget "Messaging AppUITests" */;
			buildPhases = (
				5AFC4A3E27716208003DF38F /* Sources */,
				5AFC4A3F27716208003DF38F /* Frameworks */,
				5AFC4A4027716208003DF38F /* Resources */,
			);
			buildRules = (
			);
			dependencies = (
				5AFC4A4427716208003DF38F /* PBXTargetDependency */,
			);
			name = "Messaging AppUITests";
			productName = "Messaging AppUITests";
			productReference = 5AFC4A4227716208003DF38F /* Messaging AppUITests.xctest */;
			productType = "com.apple.product-type.bundle.ui-testing";
		};
/* End PBXNativeTarget section */

/* Begin PBXProject section */
		5AFC4A2027716207003DF38F /* Project object */ = {
			isa = PBXProject;
			attributes = {
				BuildIndependentTargetsInParallel = 1;
				LastSwiftUpdateCheck = 1320;
				LastUpgradeCheck = 1320;
				TargetAttributes = {
					5AFC4A2727716207003DF38F = {
						CreatedOnToolsVersion = 13.2.1;
					};
					5AFC4A3727716208003DF38F = {
						CreatedOnToolsVersion = 13.2.1;
						TestTargetID = 5AFC4A2727716207003DF38F;
					};
					5AFC4A4127716208003DF38F = {
						CreatedOnToolsVersion = 13.2.1;
						TestTargetID = 5AFC4A2727716207003DF38F;
					};
				};
			};
			buildConfigurationList = 5AFC4A2327716207003DF38F /* Build configuration list for PBXProject "Messaging App" */;
			compatibilityVersion = "Xcode 13.0";
			developmentRegion = en;
			hasScannedForEncodings = 0;
			knownRegions = (
				en,
				Base,
			);
			mainGroup = 5AFC4A1F27716207003DF38F;
			productRefGroup = 5AFC4A2927716207003DF38F /* Products */;
			projectDirPath = "";
			projectRoot = "";
			targets = (
				5AFC4A2727716207003DF38F /* Messaging App */,
				5AFC4A3727716208003DF38F /* Messaging AppTests */,
				5AFC4A4127716208003DF38F /* Messaging AppUITests */,
			);
		};
/* End PBXProject section */

/* Begin PBXResourcesBuildPhase section */
		5AFC4A2627716207003DF38F /* Resources */ = {
			isa = PBXResourcesBuildPhase;
			buildActionMask = 2147483647;
			files = (
				5AFC4A3327716208003DF38F /* Preview Assets.xcassets in Resources */,
				5AFC4A3027716208003DF38F /* Assets.xcassets in Resources */,
			);
			runOnlyForDeploymentPostprocessing = 0;
		};
		5AFC4A3627716208003DF38F /* Resources */ = {
			isa = PBXResourcesBuildPhase;
			buildActionMask = 2147483647;
			files = (
			);
			runOnlyForDeploymentPostprocessing = 0;
		};
		5AFC4A4027716208003DF38F /* Resources */ = {
			isa = PBXResourcesBuildPhase;
			buildActionMask = 2147483647;
			files = (
			);
			runOnlyForDeploymentPostprocessing = 0;
		};
/* End PBXResourcesBuildPhase section */

/* Begin PBXSourcesBuildPhase section */
		5AFC4A2427716207003DF38F /* Sources */ = {
			isa = PBXSourcesBuildPhase;
			buildActionMask = 2147483647;
			files = (
				5AFC4A2E27716207003DF38F /* ContentView.swift in Sources */,
				5AFC4A2C27716207003DF38F /* Messaging_AppApp.swift in Sources */,
			);
			runOnlyForDeploymentPostprocessing = 0;
		};
		5AFC4A3427716208003DF38F /* Sources */ = {
			isa = PBXSourcesBuildPhase;
			buildActionMask = 2147483647;
			files = (
				5AFC4A3D27716208003DF38F /* Messaging_AppTests.swift in Sources */,
			);
			runOnlyForDeploymentPostprocessing = 0;
		};
		5AFC4A3E27716208003DF38F /* Sources */ = {
			isa = PBXSourcesBuildPhase;
			buildActionMask = 2147483647;
			files = (
				5AFC4A4727716208003DF38F /* Messaging_AppUITests.swift in Sources */,
				5AFC4A4927716208003DF38F /* Messaging_AppUITestsLaunchTests.swift in Sources */,
			);
			runOnlyForDeploymentPostprocessing = 0;
		};
/* End PBXSourcesBuildPhase section */

/* Begin PBXTargetDependency section */
		5AFC4A3A27716208003DF38F /* PBXTargetDependency */ = {
			isa = PBXTargetDependency;
			target = 5AFC4A2727716207003DF38F /* Messaging App */;
			targetProxy = 5AFC4A3927716208003DF38F /* PBXContainerItemProxy */;
		};
		5AFC4A4427716208003DF38F /* PBXTargetDependency */ = {
			isa = PBXTargetDependency;
			target = 5AFC4A2727716207003DF38F /* Messaging App */;
			targetProxy = 5AFC4A4327716208003DF38F /* PBXContainerItemProxy */;
		};
/* End PBXTargetDependency section */

/* Begin XCBuildConfiguration section */
		5AFC4A4A27716208003DF38F /* Debug */ = {
			isa = XCBuildConfiguration;
			buildSettings = {
				ALWAYS_SEARCH_USER_PATHS = NO;
				CLANG_ANALYZER_NONNULL = YES;
				CLANG_ANALYZER_NUMBER_OBJECT_CONVERSION = YES_AGGRESSIVE;
				CLANG_CXX_LANGUAGE_STANDARD = "gnu++17";
				CLANG_CXX_LIBRARY = "libc++";
				CLANG_ENABLE_MODULES = YES;
				CLANG_ENABLE_OBJC_ARC = YES;
				CLANG_ENABLE_OBJC_WEAK = YES;
				CLANG_WARN_BLOCK_CAPTURE_AUTORELEASING = YES;
				CLANG_WARN_BOOL_CONVERSION = YES;
				CLANG_WARN_COMMA = YES;
				CLANG_WARN_CONSTANT_CONVERSION = YES;
				CLANG_WARN_DEPRECATED_OBJC_IMPLEMENTATIONS = YES;
				CLANG_WARN_DIRECT_OBJC_ISA_USAGE = YES_ERROR;
				CLANG_WARN_DOCUMENTATION_COMMENTS = YES;
				CLANG_WARN_EMPTY_BODY = YES;
				CLANG_WARN_ENUM_CONVERSION = YES;
				CLANG_WARN_INFINITE_RECURSION = YES;
				CLANG_WARN_INT_CONVERSION = YES;
				CLANG_WARN_NON_LITERAL_NULL_CONVERSION = YES;
				CLANG_WARN_OBJC_IMPLICIT_RETAIN_SELF = YES;
				CLANG_WARN_OBJC_LITERAL_CONVERSION = YES;
				CLANG_WARN_OBJC_ROOT_CLASS = YES_ERROR;
				CLANG_WARN_QUOTED_INCLUDE_IN_FRAMEWORK_HEADER = YES;
				CLANG_WARN_RANGE_LOOP_ANALYSIS = YES;
				CLANG_WARN_STRICT_PROTOTYPES = YES;
				CLANG_WARN_SUSPICIOUS_MOVE = YES;
				CLANG_WARN_UNGUARDED_AVAILABILITY = YES_AGGRESSIVE;
				CLANG_WARN_UNREACHABLE_CODE = YES;
				CLANG_WARN__DUPLICATE_METHOD_MATCH = YES;
				COPY_PHASE_STRIP = NO;
				DEBUG_INFORMATION_FORMAT = dwarf;
				ENABLE_STRICT_OBJC_MSGSEND = YES;
				ENABLE_TESTABILITY = YES;
				GCC_C_LANGUAGE_STANDARD = gnu11;
				GCC_DYNAMIC_NO_PIC = NO;
				GCC_NO_COMMON_BLOCKS = YES;
				GCC_OPTIMIZATION_LEVEL = 0;
				GCC_PREPROCESSOR_DEFINITIONS = (
					"DEBUG=1",
					"$(inherited)",
				);
				GCC_WARN_64_TO_32_BIT_CONVERSION = YES;
				GCC_WARN_ABOUT_RETURN_TYPE = YES_ERROR;
				GCC_WARN_UNDECLARED_SELECTOR = YES;
				GCC_WARN_UNINITIALIZED_AUTOS = YES_AGGRESSIVE;
				GCC_WARN_UNUSED_FUNCTION = YES;
				GCC_WARN_UNUSED_VARIABLE = YES;
				IPHONEOS_DEPLOYMENT_TARGET = 15.2;
				MTL_ENABLE_DEBUG_INFO = INCLUDE_SOURCE;
				MTL_FAST_MATH = YES;
				ONLY_ACTIVE_ARCH = YES;
				SDKROOT = iphoneos;
				SWIFT_ACTIVE_COMPILATION_CONDITIONS = DEBUG;
				SWIFT_OPTIMIZATION_LEVEL = "-Onone";
			};
			name = Debug;
		};
		5AFC4A4B27716208003DF38F /* Release */ = {
			isa = XCBuildConfiguration;
			buildSettings = {
				ALWAYS_SEARCH_USER_PATHS = NO;
				CLANG_ANALYZER_NONNULL = YES;
				CLANG_ANALYZER_NUMBER_OBJECT_CONVERSION = YES_AGGRESSIVE;
				CLANG_CXX_LANGUAGE_STANDARD = "gnu++17";
				CLANG_CXX_LIBRARY = "libc++";
				CLANG_ENABLE_MODULES = YES;
				CLANG_ENABLE_OBJC_ARC = YES;
				CLANG_ENABLE_OBJC_WEAK = YES;
				CLANG_WARN_BLOCK_CAPTURE_AUTORELEASING = YES;
				CLANG_WARN_BOOL_CONVERSION = YES;
				CLANG_WARN_COMMA = YES;
				CLANG_WARN_CONSTANT_CONVERSION = YES;
				CLANG_WARN_DEPRECATED_OBJC_IMPLEMENTATIONS = YES;
				CLANG_WARN_DIRECT_OBJC_ISA_USAGE = YES_ERROR;
				CLANG_WARN_DOCUMENTATION_COMMENTS = YES;
				CLANG_WARN_EMPTY_BODY = YES;
				CLANG_WARN_ENUM_CONVERSION = YES;
				CLANG_WARN_INFINITE_RECURSION = YES;
				CLANG_WARN_INT_CONVERSION = YES;
				CLANG_WARN_NON_LITERAL_NULL_CONVERSION = YES;
				CLANG_WARN_OBJC_IMPLICIT_RETAIN_SELF = YES;
				CLANG_WARN_OBJC_LITERAL_CONVERSION = YES;
				CLANG_WARN_OBJC_ROOT_CLASS = YES_ERROR;
				CLANG_WARN_QUOTED_INCLUDE_IN_FRAMEWORK_HEADER = YES;
				CLANG_WARN_RANGE_LOOP_ANALYSIS = YES;
				CLANG_WARN_STRICT_PROTOTYPES = YES;
				CLANG_WARN_SUSPICIOUS_MOVE = YES;
				CLANG_WARN_UNGUARDED_AVAILABILITY = YES_AGGRESSIVE;
				CLANG_WARN_UNREACHABLE_CODE = YES;
				CLANG_WARN__DUPLICATE_METHOD_MATCH = YES;
				COPY_PHASE_STRIP = NO;
				DEBUG_INFORMATION_FORMAT = "dwarf-with-dsym";
				ENABLE_NS_ASSERTIONS = NO;
				ENABLE_STRICT_OBJC_MSGSEND = YES;
				GCC_C_LANGUAGE_STANDARD = gnu11;
				GCC_NO_COMMON_BLOCKS = YES;
				GCC_WARN_64_TO_32_BIT_CONVERSION = YES;
				GCC_WARN_ABOUT_RETURN_TYPE = YES_ERROR;
				GCC_WARN_UNDECLARED_SELECTOR = YES;
				GCC_WARN_UNINITIALIZED_AUTOS = YES_AGGRESSIVE;
				GCC_WARN_UNUSED_FUNCTION = YES;
				GCC_WARN_UNUSED_VARIABLE = YES;
				IPHONEOS_DEPLOYMENT_TARGET = 15.2;
				MTL_ENABLE_DEBUG_INFO = NO;
				MTL_FAST_MATH = YES;
				SDKROOT = iphoneos;
				SWIFT_COMPILATION_MODE = wholemodule;
				SWIFT_OPTIMIZATION_LEVEL = "-O";
				VALIDATE_PRODUCT = YES;
			};
			name = Release;
		};
		5AFC4A4D27716208003DF38F /* Debug */ = {
			isa = XCBuildConfiguration;
			buildSettings = {
				ASSETCATALOG_COMPILER_APPICON_NAME = AppIcon;
				ASSETCATALOG_COMPILER_GLOBAL_ACCENT_COLOR_NAME = AccentColor;
				CODE_SIGN_STYLE = Automatic;
				CURRENT_PROJECT_VERSION = 1;
				DEVELOPMENT_ASSET_PATHS = "\"Messaging App/Preview Content\"";
				ENABLE_PREVIEWS = YES;
				GENERATE_INFOPLIST_FILE = YES;
				INFOPLIST_KEY_UIApplicationSceneManifest_Generation = YES;
				INFOPLIST_KEY_UIApplicationSupportsIndirectInputEvents = YES;
				INFOPLIST_KEY_UILaunchScreen_Generation = YES;
				INFOPLIST_KEY_UISupportedInterfaceOrientations_iPad = "UIInterfaceOrientationPortrait UIInterfaceOrientationPortraitUpsideDown UIInterfaceOrientationLandscapeLeft UIInterfaceOrientationLandscapeRight";
				INFOPLIST_KEY_UISupportedInterfaceOrientations_iPhone = "UIInterfaceOrientationPortrait UIInterfaceOrientationLandscapeLeft UIInterfaceOrientationLandscapeRight";
				LD_RUNPATH_SEARCH_PATHS = (
					"$(inherited)",
					"@executable_path/Frameworks",
				);
				MARKETING_VERSION = 1.0;
				PRODUCT_BUNDLE_IDENTIFIER = "nolasco.Messaging-App";
				PRODUCT_NAME = "$(TARGET_NAME)";
				SWIFT_EMIT_LOC_STRINGS = YES;
				SWIFT_VERSION = 5.0;
				TARGETED_DEVICE_FAMILY = "1,2";
			};
			name = Debug;
		};
		5AFC4A4E27716208003DF38F /* Release */ = {
			isa = XCBuildConfiguration;
			buildSettings = {
				ASSETCATALOG_COMPILER_APPICON_NAME = AppIcon;
				ASSETCATALOG_COMPILER_GLOBAL_ACCENT_COLOR_NAME = AccentColor;
				CODE_SIGN_STYLE = Automatic;
				CURRENT_PROJECT_VERSION = 1;
				DEVELOPMENT_ASSET_PATHS = "\"Messaging App/Preview Content\"";
				ENABLE_PREVIEWS = YES;
				GENERATE_INFOPLIST_FILE = YES;
				INFOPLIST_KEY_UIApplicationSceneManifest_Generation = YES;
				INFOPLIST_KEY_UIApplicationSupportsIndirectInputEvents = YES;
				INFOPLIST_KEY_UILaunchScreen_Generation = YES;
				INFOPLIST_KEY_UISupportedInterfaceOrientations_iPad = "UIInterfaceOrientationPortrait UIInterfaceOrientationPortraitUpsideDown UIInterfaceOrientationLandscapeLeft UIInterfaceOrientationLandscapeRight";
				INFOPLIST_KEY_UISupportedInterfaceOrientations_iPhone = "UIInterfaceOrientationPortrait UIInterfaceOrientationLandscapeLeft UIInterfaceOrientationLandscapeRight";
				LD_RUNPATH_SEARCH_PATHS = (
					"$(inherited)",
					"@executable_path/Frameworks",
				);
				MARKETING_VERSION = 1.0;
				PRODUCT_BUNDLE_IDENTIFIER = "nolasco.Messaging-App";
				PRODUCT_NAME = "$(TARGET_NAME)";
				SWIFT_EMIT_LOC_STRINGS = YES;
				SWIFT_VERSION = 5.0;
				TARGETED_DEVICE_FAMILY = "1,2";
			};
			name = Release;
		};
		5AFC4A5027716208003DF38F /* Debug */ = {
			isa = XCBuildConfiguration;
			buildSettings = {
				ALWAYS_EMBED_SWIFT_STANDARD_LIBRARIES = YES;
				BUNDLE_LOADER = "$(TEST_HOST)";
				CODE_SIGN_STYLE = Automatic;
				CURRENT_PROJECT_VERSION = 1;
				GENERATE_INFOPLIST_FILE = YES;
				IPHONEOS_DEPLOYMENT_TARGET = 15.2;
				MARKETING_VERSION = 1.0;
				PRODUCT_BUNDLE_IDENTIFIER = "nolasco.Messaging-AppTests";
				PRODUCT_NAME = "$(TARGET_NAME)";
				SWIFT_EMIT_LOC_STRINGS = NO;
				SWIFT_VERSION = 5.0;
				TARGETED_DEVICE_FAMILY = "1,2";
				TEST_HOST = "$(BUILT_PRODUCTS_DIR)/Messaging App.app/Messaging App";
			};
			name = Debug;
		};
		5AFC4A5127716208003DF38F /* Release */ = {
			isa = XCBuildConfiguration;
			buildSettings = {
				ALWAYS_EMBED_SWIFT_STANDARD_LIBRARIES = YES;
				BUNDLE_LOADER = "$(TEST_HOST)";
				CODE_SIGN_STYLE = Automatic;
				CURRENT_PROJECT_VERSION = 1;
				GENERATE_INFOPLIST_FILE = YES;
				IPHONEOS_DEPLOYMENT_TARGET = 15.2;
				MARKETING_VERSION = 1.0;
				PRODUCT_BUNDLE_IDENTIFIER = "nolasco.Messaging-AppTests";
				PRODUCT_NAME = "$(TARGET_NAME)";
				SWIFT_EMIT_LOC_STRINGS = NO;
				SWIFT_VERSION = 5.0;
				TARGETED_DEVICE_FAMILY = "1,2";
				TEST_HOST = "$(BUILT_PRODUCTS_DIR)/Messaging App.app/Messaging App";
			};
			name = Release;
		};
		5AFC4A5327716208003DF38F /* Debug */ = {
			isa = XCBuildConfiguration;
			buildSettings = {
				ALWAYS_EMBED_SWIFT_STANDARD_LIBRARIES = YES;
				CODE_SIGN_STYLE = Automatic;
				CURRENT_PROJECT_VERSION = 1;
				GENERATE_INFOPLIST_FILE = YES;
				MARKETING_VERSION = 1.0;
				PRODUCT_BUNDLE_IDENTIFIER = "nolasco.Messaging-AppUITests";
				PRODUCT_NAME = "$(TARGET_NAME)";
				SWIFT_EMIT_LOC_STRINGS = NO;
				SWIFT_VERSION = 5.0;
				TARGETED_DEVICE_FAMILY = "1,2";
				TEST_TARGET_NAME = "Messaging App";
			};
			name = Debug;
		};
		5AFC4A5427716208003DF38F /* Release */ = {
			isa = XCBuildConfiguration;
			buildSettings = {
				ALWAYS_EMBED_SWIFT_STANDARD_LIBRARIES = YES;
				CODE_SIGN_STYLE = Automatic;
				CURRENT_PROJECT_VERSION = 1;
				GENERATE_INFOPLIST_FILE = YES;
				MARKETING_VERSION = 1.0;
				PRODUCT_BUNDLE_IDENTIFIER = "nolasco.Messaging-AppUITests";
				PRODUCT_NAME = "$(TARGET_NAME)";
				SWIFT_EMIT_LOC_STRINGS = NO;
				SWIFT_VERSION = 5.0;
				TARGETED_DEVICE_FAMILY = "1,2";
				TEST_TARGET_NAME = "Messaging App";
			};
			name = Release;
		};
/* End XCBuildConfiguration section */

/* Begin XCConfigurationList section */
		5AFC4A2327716207003DF38F /* Build configuration list for PBXProject "Messaging App" */ = {
			isa = XCConfigurationList;
			buildConfigurations = (
				5AFC4A4A27716208003DF38F /* Debug */,
				5AFC4A4B27716208003DF38F /* Release */,
			);
			defaultConfigurationIsVisible = 0;
			defaultConfigurationName = Release;
		};
		5AFC4A4C27716208003DF38F /* Build configuration list for PBXNativeTarget "Messaging App" */ = {
			isa = XCConfigurationList;
			buildConfigurations = (
				5AFC4A4D27716208003DF38F /* Debug */,
				5AFC4A4E27716208003DF38F /* Release */,
			);
			defaultConfigurationIsVisible = 0;
			defaultConfigurationName = Release;
		};
		5AFC4A4F27716208003DF38F /* Build configuration list for PBXNativeTarget "Messaging AppTests" */ = {
			isa = XCConfigurationList;
			buildConfigurations = (
				5AFC4A5027716208003DF38F /* Debug */,
				5AFC4A5127716208003DF38F /* Release */,
			);
			defaultConfigurationIsVisible = 0;
			defaultConfigurationName = Release;
		};
		5AFC4A5227716208003DF38F /* Build configuration list for PBXNativeTarget "Messaging AppUITests" */ = {
			isa = XCConfigurationList;
			buildConfigurations = (
				5AFC4A5327716208003DF38F /* Debug */,
				5AFC4A5427716208003DF38F /* Release */,
			);
			defaultConfigurationIsVisible = 0;
			defaultConfigurationName = Release;
		};
/* End XCConfigurationList section */
	};
	rootObject = 5AFC4A2027716207003DF38F /* Project object */;
}
